
Microsoft Visual Studio Solution File, Format Version 12.00
# Visual Studio Version 16
VisualStudioVersion = 16.0.30104.148
MinimumVisualStudioVersion = 10.0.40219.1
Project("{9A19103F-16F7-4668-BE54-9A1E7A4F7556}") = "DuckTaleSolutionTask", "DuckTaleSolutionTask.csproj", "{6FFD52AB-CA6B-4680-883B-76A9DAC347FC}"
EndProject
Global
	GlobalSection(SolutionConfigurationPlatforms) = preSolution
		Debug|Any CPU = Debug|Any CPU
		Release|Any CPU = Release|Any CPU
	EndGlobalSection
	GlobalSection(ProjectConfigurationPlatforms) = postSolution
		{6FFD52AB-CA6B-4680-883B-76A9DAC347FC}.Debug|Any CPU.ActiveCfg = Debug|Any CPU
		{6FFD52AB-CA6B-4680-883B-76A9DAC347FC}.Debug|Any CPU.Build.0 = Debug|Any CPU
		{6FFD52AB-CA6B-4680-883B-76A9DAC347FC}.Release|Any CPU.ActiveCfg = Release|Any CPU
		{6FFD52AB-CA6B-4680-883B-76A9DAC347FC}.Release|Any CPU.Build.0 = Release|Any CPU
	EndGlobalSection
	GlobalSection(SolutionProperties) = preSolution
		HideSolutionNode = FALSE
	EndGlobalSection
	GlobalSection(ExtensibilityGlobals) = postSolution
		SolutionGuid = {33F00C88-CF96-47EF-9D4E-34A0A239F707}
	EndGlobalSection
EndGlobal
